
Microsoft Visual Studio Solution File, Format Version 12.00
# Visual Studio Version 16
VisualStudioVersion = 16.0.29215.179
MinimumVisualStudioVersion = 10.0.40219.1
Project("{FAE04EC0-301F-11D3-BF4B-00C04F79EFBC}") = "WebSocket", "WebSocket\WebSocket.csproj", "{CEB9E43A-7C1F-4E75-BECA-56CACEAEB9F6}"
EndProject
Global
	GlobalSection(SolutionConfigurationPlatforms) = preSolution
		Debug|Any CPU = Debug|Any CPU
		Release|Any CPU = Release|Any CPU
	EndGlobalSection
	GlobalSection(ProjectConfigurationPlatforms) = postSolution
		{CEB9E43A-7C1F-4E75-BECA-56CACEAEB9F6}.Debug|Any CPU.ActiveCfg = Debug|Any CPU
		{CEB9E43A-7C1F-4E75-BECA-56CACEAEB9F6}.Debug|Any CPU.Build.0 = Debug|Any CPU
		{CEB9E43A-7C1F-4E75-BECA-56CACEAEB9F6}.Release|Any CPU.ActiveCfg = Release|Any CPU
		{CEB9E43A-7C1F-4E75-BECA-56CACEAEB9F6}.Release|Any CPU.Build.0 = Release|Any CPU
	EndGlobalSection
	GlobalSection(SolutionProperties) = preSolution
		HideSolutionNode = FALSE
	EndGlobalSection
	GlobalSection(ExtensibilityGlobals) = postSolution
		SolutionGuid = {C4454DE0-6343-484C-953B-1A99418A781D}
	EndGlobalSection
EndGlobal
